<?xml version="1.0" encoding="utf-8"?>
<Project ToolsVersion="4.0" xmlns="http://schemas.microsoft.com/developer/msbuild/2003">
  <ItemGroup>
    <Filter Include="Source Files">
      <UniqueIdentifier>{4FC737F1-C7A5-4376-A066-2A32D752A2FF}</UniqueIdentifier>
      <Extensions>cpp;c;cc;cxx;c++;def;odl;idl;hpj;bat;asm;asmx</Extensions>
    </Filter>
    <Filter Include="Header Files">
      <UniqueIdentifier>{93995380-89BD-4b04-88EB-625FBE52EBFB}</UniqueIdentifier>
      <Extensions>h;hh;hpp;hxx;h++;hm;inl;inc;ipp;xsd</Extensions>
    </Filter>
    <Filter Include="Resource Files">
      <UniqueIdentifier>{67DA6AB6-F800-4c08-8B7A-83BB121AAD01}</UniqueIdentifier>
      <Extensions>rc;ico;cur;bmp;dlg;rc2;rct;bin;rgs;gif;jpg;jpeg;jpe;resx;tiff;tif;png;wav;mfcribbon-ms</Extensions>
    </Filter>
    <Filter Include="Resource Files\Shaders">
      <UniqueIdentifier>{c95c22e7-3a36-4a12-8af9-a8efd0273476}</UniqueIdentifier>
    </Filter>
    <Filter Include="Resource Files\ECS">
      <UniqueIdentifier>{398750fc-1e35-4498-9aa7-7265a2bbfe6e}</UniqueIdentifier>
    </Filter>
    <Filter Include="Resource Files\Components">
      <UniqueIdentifier>{8f3bdddd-c03c-4a62-9267-f19f3e9380e5}</UniqueIdentifier>
    </Filter>
    <Filter Include="Resource Files\Systems">
      <UniqueIdentifier>{ad080b41-6ba7-4625-b324-58e0494569c0}</UniqueIdentifier>
    </Filter>
  </ItemGroup>
  <ItemGroup>
    <ClCompile Include="main.cpp">
      <Filter>Source Files</Filter>
    </ClCompile>
    <ClCompile Include="Engine.cpp">
      <Filter>Source Files</Filter>
    </ClCompile>
    <ClCompile Include="InputManager.cpp">
      <Filter>Source Files</Filter>
    </ClCompile>
  </ItemGroup>
  <ItemGroup>
    <ClInclude Include="Engine.h">
      <Filter>Header Files</Filter>
    </ClInclude>
    <ClInclude Include="Exception_Handling.h">
      <Filter>Header Files</Filter>
    </ClInclude>
    <ClInclude Include="Helper_Functions.h">
      <Filter>Header Files</Filter>
    </ClInclude>
    <ClInclude Include="Shader.h">
      <Filter>Header Files</Filter>
    </ClInclude>
    <ClInclude Include="InputManager.h">
      <Filter>Header Files</Filter>
    </ClInclude>
    <ClInclude Include="Camera.h">
      <Filter>Header Files</Filter>
    </ClInclude>
    <ClInclude Include="Game_Command.h">
      <Filter>Header Files</Filter>
    </ClInclude>
    <ClInclude Include="ECS\ESC_Definitions.h">
      <Filter>Resource Files\ECS</Filter>
    </ClInclude>
    <ClInclude Include="EntityManager.h">
      <Filter>Resource Files\ECS</Filter>
    </ClInclude>
    <ClInclude Include="ComponentArray.h">
      <Filter>Resource Files\ECS</Filter>
    </ClInclude>
    <ClInclude Include="ComponentManager.h">
      <Filter>Resource Files\ECS</Filter>
    </ClInclude>
    <ClInclude Include="System.h">
      <Filter>Resource Files\ECS</Filter>
    </ClInclude>
    <ClInclude Include="SystemManager.h">
      <Filter>Resource Files\ECS</Filter>
    </ClInclude>
    <ClInclude Include="Coordinator.h">
      <Filter>Resource Files\ECS</Filter>
    </ClInclude>
    <ClInclude Include="Transform.h">
      <Filter>Resource Files\Components</Filter>
    </ClInclude>
    <ClInclude Include="Systems\CameraSystem.h">
      <Filter>Resource Files\Systems</Filter>
    </ClInclude>
  </ItemGroup>
  <ItemGroup>
    <None Include="Shaders\test.frag">
      <Filter>Resource Files\Shaders</Filter>
    </None>
    <None Include="Shaders\test.vert">
      <Filter>Resource Files\Shaders</Filter>
    </None>
  </ItemGroup>
</Project>